// !$*UTF8*$!
{
	archiveVersion = 1;
	classes = {
	};
	objectVersion = 46;
	objects = {

/* Begin PBXBuildFile section */
		120F8B26155197E000A7C43C /* MediaPlayer.framework in Frameworks */ = {isa = PBXBuildFile; fileRef = 120F8B25155197E000A7C43C /* MediaPlayer.framework */; };
		128C391914473E5F00E8227C /* QuartzCore.framework in Frameworks */ = {isa = PBXBuildFile; fileRef = 128C391814473E5F00E8227C /* QuartzCore.framework */; };
		129B1315143F41BC001239AA /* UIKit.framework in Frameworks */ = {isa = PBXBuildFile; fileRef = 129B1314143F41BC001239AA /* UIKit.framework */; };
		129B1317143F41BC001239AA /* Foundation.framework in Frameworks */ = {isa = PBXBuildFile; fileRef = 129B1316143F41BC001239AA /* Foundation.framework */; };
		129B1319143F41BC001239AA /* CoreGraphics.framework in Frameworks */ = {isa = PBXBuildFile; fileRef = 129B1318143F41BC001239AA /* CoreGraphics.framework */; };
		12A6C13A144CC2E600A979B3 /* Default-Landscape~ipad.png in Resources */ = {isa = PBXBuildFile; fileRef = 12A6C139144CC2E600A979B3 /* Default-Landscape~ipad.png */; };
		19FFA20218130E85004E6BF0 /* Icon-72.png in Resources */ = {isa = PBXBuildFile; fileRef = 19FFA20018130E85004E6BF0 /* Icon-72.png */; };
		19FFA20318130E85004E6BF0 /* Icon-72@2x.png in Resources */ = {isa = PBXBuildFile; fileRef = 19FFA20118130E85004E6BF0 /* Icon-72@2x.png */; };
		19FFA20C181888D6004E6BF0 /* KSDAppDelegate.m in Sources */ = {isa = PBXBuildFile; fileRef = 19FFA209181888D6004E6BF0 /* KSDAppDelegate.m */; };
		19FFA20D181888D6004E6BF0 /* KSDApplication.m in Sources */ = {isa = PBXBuildFile; fileRef = 19FFA20B181888D6004E6BF0 /* KSDApplication.m */; };
		19FFA215181889EF004E6BF0 /* DetailView.xib in Resources */ = {isa = PBXBuildFile; fileRef = 19FFA20F181889EF004E6BF0 /* DetailView.xib */; };
		19FFA216181889EF004E6BF0 /* InfoPlist.strings in Resources */ = {isa = PBXBuildFile; fileRef = 19FFA211181889EF004E6BF0 /* InfoPlist.strings */; };
		19FFA217181889EF004E6BF0 /* MainWindow.xib in Resources */ = {isa = PBXBuildFile; fileRef = 19FFA213181889EF004E6BF0 /* MainWindow.xib */; };
		19FFA23618188AA1004E6BF0 /* ATV.jpg in Resources */ = {isa = PBXBuildFile; fileRef = 19FFA21A18188AA1004E6BF0 /* ATV.jpg */; };
		19FFA23718188AA1004E6BF0 /* Biker.jpg in Resources */ = {isa = PBXBuildFile; fileRef = 19FFA21B18188AA1004E6BF0 /* Biker.jpg */; };
		19FFA23818188AA1004E6BF0 /* checkout_button.png in Resources */ = {isa = PBXBuildFile; fileRef = 19FFA21D18188AA1004E6BF0 /* checkout_button.png */; };
		19FFA23918188AA1004E6BF0 /* checkout_button_down.png in Resources */ = {isa = PBXBuildFile; fileRef = 19FFA21E18188AA1004E6BF0 /* checkout_button_down.png */; };
		19FFA23A18188AA1004E6BF0 /* delete_button.png in Resources */ = {isa = PBXBuildFile; fileRef = 19FFA21F18188AA1004E6BF0 /* delete_button.png */; };
		19FFA23B18188AA1004E6BF0 /* delete_button_down.png in Resources */ = {isa = PBXBuildFile; fileRef = 19FFA22018188AA1004E6BF0 /* delete_button_down.png */; };
		19FFA23C18188AA1004E6BF0 /* details_button.png in Resources */ = {isa = PBXBuildFile; fileRef = 19FFA22118188AA1004E6BF0 /* details_button.png */; };
		19FFA23D18188AA1004E6BF0 /* details_button_down.png in Resources */ = {isa = PBXBuildFile; fileRef = 19FFA22218188AA1004E6BF0 /* details_button_down.png */; };
		19FFA23F18188AA1004E6BF0 /* Fish.jpg in Resources */ = {isa = PBXBuildFile; fileRef = 19FFA22418188AA1004E6BF0 /* Fish.jpg */; };
		19FFA24018188AA1004E6BF0 /* Horse.jpg in Resources */ = {isa = PBXBuildFile; fileRef = 19FFA22518188AA1004E6BF0 /* Horse.jpg */; };
		19FFA24118188AA1004E6BF0 /* part_detail_background.png in Resources */ = {isa = PBXBuildFile; fileRef = 19FFA22618188AA1004E6BF0 /* part_detail_background.png */; };
		19FFA24218188AA1004E6BF0 /* hitch_bg.png in Resources */ = {isa = PBXBuildFile; fileRef = 19FFA22818188AA1004E6BF0 /* hitch_bg.png */; };
		19FFA24718188AA1004E6BF0 /* selected_hitch_bg.png in Resources */ = {isa = PBXBuildFile; fileRef = 19FFA22E18188AA1004E6BF0 /* selected_hitch_bg.png */; };
		19FFA24818188AA1004E6BF0 /* selected_wiring_bg.png in Resources */ = {isa = PBXBuildFile; fileRef = 19FFA22F18188AA1004E6BF0 /* selected_wiring_bg.png */; };
		19FFA24918188AA1004E6BF0 /* wiring_bg.png in Resources */ = {isa = PBXBuildFile; fileRef = 19FFA23018188AA1004E6BF0 /* wiring_bg.png */; };
		19FFA24A18188AA1004E6BF0 /* Settings.bundle in Resources */ = {isa = PBXBuildFile; fileRef = 19FFA23118188AA1004E6BF0 /* Settings.bundle */; };
		19FFA24B18188AA1004E6BF0 /* accessories-30.png in Resources */ = {isa = PBXBuildFile; fileRef = 19FFA23318188AA1004E6BF0 /* accessories-30.png */; };
		19FFA24C18188AA1004E6BF0 /* hitches-30.png in Resources */ = {isa = PBXBuildFile; fileRef = 19FFA23418188AA1004E6BF0 /* hitches-30.png */; };
		19FFA25518188B3C004E6BF0 /* NSString_Encode.m in Sources */ = {isa = PBXBuildFile; fileRef = 19FFA24F18188B3C004E6BF0 /* NSString_Encode.m */; };
		19FFA25618188B3C004E6BF0 /* JSONKit.m in Sources */ = {isa = PBXBuildFile; fileRef = 19FFA25318188B3C004E6BF0 /* JSONKit.m */; };
		19FFA25918188B5D004E6BF0 /* AsyncImageView.m in Sources */ = {isa = PBXBuildFile; fileRef = 19FFA25818188B5D004E6BF0 /* AsyncImageView.m */; };
		19FFA26018188B93004E6BF0 /* CartItem.m in Sources */ = {isa = PBXBuildFile; fileRef = 19FFA25B18188B93004E6BF0 /* CartItem.m */; };
		19FFA26118188B93004E6BF0 /* KioskOrder.m in Sources */ = {isa = PBXBuildFile; fileRef = 19FFA25D18188B93004E6BF0 /* KioskOrder.m */; };
		19FFA26218188B93004E6BF0 /* KioskOrderItem.m in Sources */ = {isa = PBXBuildFile; fileRef = 19FFA25F18188B93004E6BF0 /* KioskOrderItem.m */; };
		19FFA27A18188BC3004E6BF0 /* CartListController.m in Sources */ = {isa = PBXBuildFile; fileRef = 19FFA26418188BC3004E6BF0 /* CartListController.m */; };
		19FFA27B18188BC3004E6BF0 /* DetailViewController.m in Sources */ = {isa = PBXBuildFile; fileRef = 19FFA26618188BC3004E6BF0 /* DetailViewController.m */; };
		19FFA27D18188BC3004E6BF0 /* MakeViewController.m in Sources */ = {isa = PBXBuildFile; fileRef = 19FFA26A18188BC3004E6BF0 /* MakeViewController.m */; };
		19FFA27E18188BC3004E6BF0 /* ModelViewController.m in Sources */ = {isa = PBXBuildFile; fileRef = 19FFA26C18188BC3004E6BF0 /* ModelViewController.m */; };
		19FFA27F18188BC3004E6BF0 /* PartDetailController.m in Sources */ = {isa = PBXBuildFile; fileRef = 19FFA26E18188BC3004E6BF0 /* PartDetailController.m */; };
		19FFA28018188BC3004E6BF0 /* PartViewController.m in Sources */ = {isa = PBXBuildFile; fileRef = 19FFA27018188BC3004E6BF0 /* PartViewController.m */; };
		19FFA28118188BC3004E6BF0 /* RootViewController.m in Sources */ = {isa = PBXBuildFile; fileRef = 19FFA27218188BC3004E6BF0 /* RootViewController.m */; };
		19FFA28218188BC3004E6BF0 /* StyleViewController.m in Sources */ = {isa = PBXBuildFile; fileRef = 19FFA27418188BC3004E6BF0 /* StyleViewController.m */; };
		19FFA28318188BC3004E6BF0 /* VideoView.xib in Resources */ = {isa = PBXBuildFile; fileRef = 19FFA27518188BC3004E6BF0 /* VideoView.xib */; };
		19FFA28418188BC3004E6BF0 /* VideoViewController.m in Sources */ = {isa = PBXBuildFile; fileRef = 19FFA27718188BC3004E6BF0 /* VideoViewController.m */; };
		19FFA28518188BC3004E6BF0 /* YearViewController.m in Sources */ = {isa = PBXBuildFile; fileRef = 19FFA27918188BC3004E6BF0 /* YearViewController.m */; };
		19FFA28A18188BFF004E6BF0 /* main.m in Sources */ = {isa = PBXBuildFile; fileRef = 19FFA28818188BFF004E6BF0 /* main.m */; };
		19FFA28D18189266004E6BF0 /* UIViewExtensions.m in Sources */ = {isa = PBXBuildFile; fileRef = 19FFA28C18189266004E6BF0 /* UIViewExtensions.m */; };
		19FFA290181894C8004E6BF0 /* BaseLeftViewController.m in Sources */ = {isa = PBXBuildFile; fileRef = 19FFA28F181894C7004E6BF0 /* BaseLeftViewController.m */; };
		19FFA2931818979E004E6BF0 /* UIColorExtensions.m in Sources */ = {isa = PBXBuildFile; fileRef = 19FFA2921818979E004E6BF0 /* UIColorExtensions.m */; };
		19FFA2961818F29B004E6BF0 /* FCPDFView.m in Sources */ = {isa = PBXBuildFile; fileRef = 19FFA2951818F29B004E6BF0 /* FCPDFView.m */; };
		19FFA29A1818FFCB004E6BF0 /* close_button.png in Resources */ = {isa = PBXBuildFile; fileRef = 19FFA2991818FFCA004E6BF0 /* close_button.png */; };
/* End PBXBuildFile section */

/* Begin PBXFileReference section */
		120F8B25155197E000A7C43C /* MediaPlayer.framework */ = {isa = PBXFileReference; lastKnownFileType = wrapper.framework; name = MediaPlayer.framework; path = System/Library/Frameworks/MediaPlayer.framework; sourceTree = SDKROOT; };
		128C391814473E5F00E8227C /* QuartzCore.framework */ = {isa = PBXFileReference; lastKnownFileType = wrapper.framework; name = QuartzCore.framework; path = System/Library/Frameworks/QuartzCore.framework; sourceTree = SDKROOT; };
		129B1310143F41BC001239AA /* AlexKiosk.app */ = {isa = PBXFileReference; explicitFileType = wrapper.application; includeInIndex = 0; path = AlexKiosk.app; sourceTree = BUILT_PRODUCTS_DIR; };
		129B1314143F41BC001239AA /* UIKit.framework */ = {isa = PBXFileReference; lastKnownFileType = wrapper.framework; name = UIKit.framework; path = System/Library/Frameworks/UIKit.framework; sourceTree = SDKROOT; };
		129B1316143F41BC001239AA /* Foundation.framework */ = {isa = PBXFileReference; lastKnownFileType = wrapper.framework; name = Foundation.framework; path = System/Library/Frameworks/Foundation.framework; sourceTree = SDKROOT; };
		129B1318143F41BC001239AA /* CoreGraphics.framework */ = {isa = PBXFileReference; lastKnownFileType = wrapper.framework; name = CoreGraphics.framework; path = System/Library/Frameworks/CoreGraphics.framework; sourceTree = SDKROOT; };
		12A6C139144CC2E600A979B3 /* Default-Landscape~ipad.png */ = {isa = PBXFileReference; lastKnownFileType = image.png; path = "Default-Landscape~ipad.png"; sourceTree = "<group>"; };
		19FFA20018130E85004E6BF0 /* Icon-72.png */ = {isa = PBXFileReference; lastKnownFileType = image.png; path = "Icon-72.png"; sourceTree = "<group>"; };
		19FFA20118130E85004E6BF0 /* Icon-72@2x.png */ = {isa = PBXFileReference; lastKnownFileType = image.png; path = "Icon-72@2x.png"; sourceTree = "<group>"; };
		19FFA208181888D6004E6BF0 /* KSDAppDelegate.h */ = {isa = PBXFileReference; fileEncoding = 4; lastKnownFileType = sourcecode.c.h; name = KSDAppDelegate.h; path = Classes/KSDAppDelegate.h; sourceTree = "<group>"; };
		19FFA209181888D6004E6BF0 /* KSDAppDelegate.m */ = {isa = PBXFileReference; fileEncoding = 4; lastKnownFileType = sourcecode.c.objc; name = KSDAppDelegate.m; path = Classes/KSDAppDelegate.m; sourceTree = "<group>"; };
		19FFA20A181888D6004E6BF0 /* KSDApplication.h */ = {isa = PBXFileReference; fileEncoding = 4; lastKnownFileType = sourcecode.c.h; name = KSDApplication.h; path = Classes/KSDApplication.h; sourceTree = "<group>"; };
		19FFA20B181888D6004E6BF0 /* KSDApplication.m */ = {isa = PBXFileReference; fileEncoding = 4; lastKnownFileType = sourcecode.c.objc; name = KSDApplication.m; path = Classes/KSDApplication.m; sourceTree = "<group>"; };
		19FFA210181889EF004E6BF0 /* en */ = {isa = PBXFileReference; lastKnownFileType = file.xib; name = en; path = DetailView.xib; sourceTree = "<group>"; };
		19FFA212181889EF004E6BF0 /* en */ = {isa = PBXFileReference; lastKnownFileType = text.plist.strings; name = en; path = InfoPlist.strings; sourceTree = "<group>"; };
		19FFA214181889EF004E6BF0 /* en */ = {isa = PBXFileReference; lastKnownFileType = file.xib; name = en; path = MainWindow.xib; sourceTree = "<group>"; };
		19FFA21A18188AA1004E6BF0 /* ATV.jpg */ = {isa = PBXFileReference; lastKnownFileType = image.jpeg; path = ATV.jpg; sourceTree = "<group>"; };
		19FFA21B18188AA1004E6BF0 /* Biker.jpg */ = {isa = PBXFileReference; lastKnownFileType = image.jpeg; path = Biker.jpg; sourceTree = "<group>"; };
		19FFA21D18188AA1004E6BF0 /* checkout_button.png */ = {isa = PBXFileReference; lastKnownFileType = image.png; path = checkout_button.png; sourceTree = "<group>"; };
		19FFA21E18188AA1004E6BF0 /* checkout_button_down.png */ = {isa = PBXFileReference; lastKnownFileType = image.png; path = checkout_button_down.png; sourceTree = "<group>"; };
		19FFA21F18188AA1004E6BF0 /* delete_button.png */ = {isa = PBXFileReference; lastKnownFileType = image.png; path = delete_button.png; sourceTree = "<group>"; };
		19FFA22018188AA1004E6BF0 /* delete_button_down.png */ = {isa = PBXFileReference; lastKnownFileType = image.png; path = delete_button_down.png; sourceTree = "<group>"; };
		19FFA22118188AA1004E6BF0 /* details_button.png */ = {isa = PBXFileReference; lastKnownFileType = image.png; path = details_button.png; sourceTree = "<group>"; };
		19FFA22218188AA1004E6BF0 /* details_button_down.png */ = {isa = PBXFileReference; lastKnownFileType = image.png; path = details_button_down.png; sourceTree = "<group>"; };
		19FFA22418188AA1004E6BF0 /* Fish.jpg */ = {isa = PBXFileReference; lastKnownFileType = image.jpeg; path = Fish.jpg; sourceTree = "<group>"; };
		19FFA22518188AA1004E6BF0 /* Horse.jpg */ = {isa = PBXFileReference; lastKnownFileType = image.jpeg; path = Horse.jpg; sourceTree = "<group>"; };
		19FFA22618188AA1004E6BF0 /* part_detail_background.png */ = {isa = PBXFileReference; lastKnownFileType = image.png; path = part_detail_background.png; sourceTree = "<group>"; };
		19FFA22818188AA1004E6BF0 /* hitch_bg.png */ = {isa = PBXFileReference; lastKnownFileType = image.png; path = hitch_bg.png; sourceTree = "<group>"; };
		19FFA22E18188AA1004E6BF0 /* selected_hitch_bg.png */ = {isa = PBXFileReference; lastKnownFileType = image.png; path = selected_hitch_bg.png; sourceTree = "<group>"; };
		19FFA22F18188AA1004E6BF0 /* selected_wiring_bg.png */ = {isa = PBXFileReference; lastKnownFileType = image.png; path = selected_wiring_bg.png; sourceTree = "<group>"; };
		19FFA23018188AA1004E6BF0 /* wiring_bg.png */ = {isa = PBXFileReference; lastKnownFileType = image.png; path = wiring_bg.png; sourceTree = "<group>"; };
		19FFA23118188AA1004E6BF0 /* Settings.bundle */ = {isa = PBXFileReference; lastKnownFileType = "wrapper.plug-in"; path = Settings.bundle; sourceTree = "<group>"; };
		19FFA23318188AA1004E6BF0 /* accessories-30.png */ = {isa = PBXFileReference; lastKnownFileType = image.png; path = "accessories-30.png"; sourceTree = "<group>"; };
		19FFA23418188AA1004E6BF0 /* hitches-30.png */ = {isa = PBXFileReference; lastKnownFileType = image.png; path = "hitches-30.png"; sourceTree = "<group>"; };
		19FFA24E18188B3C004E6BF0 /* NSString_Encode.h */ = {isa = PBXFileReference; fileEncoding = 4; lastKnownFileType = sourcecode.c.h; path = NSString_Encode.h; sourceTree = "<group>"; };
		19FFA24F18188B3C004E6BF0 /* NSString_Encode.m */ = {isa = PBXFileReference; fileEncoding = 4; lastKnownFileType = sourcecode.c.objc; path = NSString_Encode.m; sourceTree = "<group>"; };
		19FFA25218188B3C004E6BF0 /* JSONKit.h */ = {isa = PBXFileReference; fileEncoding = 4; lastKnownFileType = sourcecode.c.h; path = JSONKit.h; sourceTree = "<group>"; };
		19FFA25318188B3C004E6BF0 /* JSONKit.m */ = {isa = PBXFileReference; fileEncoding = 4; lastKnownFileType = sourcecode.c.objc; path = JSONKit.m; sourceTree = "<group>"; };
		19FFA25718188B5D004E6BF0 /* AsyncImageView.h */ = {isa = PBXFileReference; fileEncoding = 4; lastKnownFileType = sourcecode.c.h; path = AsyncImageView.h; sourceTree = "<group>"; };
		19FFA25818188B5D004E6BF0 /* AsyncImageView.m */ = {isa = PBXFileReference; fileEncoding = 4; lastKnownFileType = sourcecode.c.objc; path = AsyncImageView.m; sourceTree = "<group>"; };
		19FFA25A18188B93004E6BF0 /* CartItem.h */ = {isa = PBXFileReference; fileEncoding = 4; lastKnownFileType = sourcecode.c.h; path = CartItem.h; sourceTree = "<group>"; };
		19FFA25B18188B93004E6BF0 /* CartItem.m */ = {isa = PBXFileReference; fileEncoding = 4; lastKnownFileType = sourcecode.c.objc; path = CartItem.m; sourceTree = "<group>"; };
		19FFA25C18188B93004E6BF0 /* KioskOrder.h */ = {isa = PBXFileReference; fileEncoding = 4; lastKnownFileType = sourcecode.c.h; path = KioskOrder.h; sourceTree = "<group>"; };
		19FFA25D18188B93004E6BF0 /* KioskOrder.m */ = {isa = PBXFileReference; fileEncoding = 4; lastKnownFileType = sourcecode.c.objc; path = KioskOrder.m; sourceTree = "<group>"; };
		19FFA25E18188B93004E6BF0 /* KioskOrderItem.h */ = {isa = PBXFileReference; fileEncoding = 4; lastKnownFileType = sourcecode.c.h; path = KioskOrderItem.h; sourceTree = "<group>"; };
		19FFA25F18188B93004E6BF0 /* KioskOrderItem.m */ = {isa = PBXFileReference; fileEncoding = 4; lastKnownFileType = sourcecode.c.objc; path = KioskOrderItem.m; sourceTree = "<group>"; };
		19FFA26318188BC3004E6BF0 /* CartListController.h */ = {isa = PBXFileReference; fileEncoding = 4; lastKnownFileType = sourcecode.c.h; path = CartListController.h; sourceTree = "<group>"; };
		19FFA26418188BC3004E6BF0 /* CartListController.m */ = {isa = PBXFileReference; fileEncoding = 4; lastKnownFileType = sourcecode.c.objc; path = CartListController.m; sourceTree = "<group>"; };
		19FFA26518188BC3004E6BF0 /* DetailViewController.h */ = {isa = PBXFileReference; fileEncoding = 4; lastKnownFileType = sourcecode.c.h; path = DetailViewController.h; sourceTree = "<group>"; };
		19FFA26618188BC3004E6BF0 /* DetailViewController.m */ = {isa = PBXFileReference; fileEncoding = 4; lastKnownFileType = sourcecode.c.objc; path = DetailViewController.m; sourceTree = "<group>"; };
		19FFA26918188BC3004E6BF0 /* MakeViewController.h */ = {isa = PBXFileReference; fileEncoding = 4; lastKnownFileType = sourcecode.c.h; path = MakeViewController.h; sourceTree = "<group>"; };
		19FFA26A18188BC3004E6BF0 /* MakeViewController.m */ = {isa = PBXFileReference; fileEncoding = 4; lastKnownFileType = sourcecode.c.objc; path = MakeViewController.m; sourceTree = "<group>"; };
		19FFA26B18188BC3004E6BF0 /* ModelViewController.h */ = {isa = PBXFileReference; fileEncoding = 4; lastKnownFileType = sourcecode.c.h; path = ModelViewController.h; sourceTree = "<group>"; };
		19FFA26C18188BC3004E6BF0 /* ModelViewController.m */ = {isa = PBXFileReference; fileEncoding = 4; lastKnownFileType = sourcecode.c.objc; path = ModelViewController.m; sourceTree = "<group>"; };
		19FFA26D18188BC3004E6BF0 /* PartDetailController.h */ = {isa = PBXFileReference; fileEncoding = 4; lastKnownFileType = sourcecode.c.h; path = PartDetailController.h; sourceTree = "<group>"; };
		19FFA26E18188BC3004E6BF0 /* PartDetailController.m */ = {isa = PBXFileReference; fileEncoding = 4; lastKnownFileType = sourcecode.c.objc; path = PartDetailController.m; sourceTree = "<group>"; };
		19FFA26F18188BC3004E6BF0 /* PartViewController.h */ = {isa = PBXFileReference; fileEncoding = 4; lastKnownFileType = sourcecode.c.h; path = PartViewController.h; sourceTree = "<group>"; };
		19FFA27018188BC3004E6BF0 /* PartViewController.m */ = {isa = PBXFileReference; fileEncoding = 4; lastKnownFileType = sourcecode.c.objc; path = PartViewController.m; sourceTree = "<group>"; };
		19FFA27118188BC3004E6BF0 /* RootViewController.h */ = {isa = PBXFileReference; fileEncoding = 4; lastKnownFileType = sourcecode.c.h; path = RootViewController.h; sourceTree = "<group>"; };
		19FFA27218188BC3004E6BF0 /* RootViewController.m */ = {isa = PBXFileReference; fileEncoding = 4; lastKnownFileType = sourcecode.c.objc; path = RootViewController.m; sourceTree = "<group>"; };
		19FFA27318188BC3004E6BF0 /* StyleViewController.h */ = {isa = PBXFileReference; fileEncoding = 4; lastKnownFileType = sourcecode.c.h; path = StyleViewController.h; sourceTree = "<group>"; };
		19FFA27418188BC3004E6BF0 /* StyleViewController.m */ = {isa = PBXFileReference; fileEncoding = 4; lastKnownFileType = sourcecode.c.objc; path = StyleViewController.m; sourceTree = "<group>"; };
		19FFA27518188BC3004E6BF0 /* VideoView.xib */ = {isa = PBXFileReference; fileEncoding = 4; lastKnownFileType = file.xib; path = VideoView.xib; sourceTree = "<group>"; };
		19FFA27618188BC3004E6BF0 /* VideoViewController.h */ = {isa = PBXFileReference; fileEncoding = 4; lastKnownFileType = sourcecode.c.h; path = VideoViewController.h; sourceTree = "<group>"; };
		19FFA27718188BC3004E6BF0 /* VideoViewController.m */ = {isa = PBXFileReference; fileEncoding = 4; lastKnownFileType = sourcecode.c.objc; path = VideoViewController.m; sourceTree = "<group>"; };
		19FFA27818188BC3004E6BF0 /* YearViewController.h */ = {isa = PBXFileReference; fileEncoding = 4; lastKnownFileType = sourcecode.c.h; path = YearViewController.h; sourceTree = "<group>"; };
		19FFA27918188BC3004E6BF0 /* YearViewController.m */ = {isa = PBXFileReference; fileEncoding = 4; lastKnownFileType = sourcecode.c.objc; path = YearViewController.m; sourceTree = "<group>"; };
		19FFA28618188BFF004E6BF0 /* AlexKiosk-Info.plist */ = {isa = PBXFileReference; fileEncoding = 4; lastKnownFileType = text.plist.xml; path = "AlexKiosk-Info.plist"; sourceTree = "<group>"; };
		19FFA28718188BFF004E6BF0 /* AlexKiosk-Prefix.pch */ = {isa = PBXFileReference; fileEncoding = 4; lastKnownFileType = sourcecode.c.h; path = "AlexKiosk-Prefix.pch"; sourceTree = "<group>"; };
		19FFA28818188BFF004E6BF0 /* main.m */ = {isa = PBXFileReference; fileEncoding = 4; lastKnownFileType = sourcecode.c.objc; path = main.m; sourceTree = "<group>"; };
		19FFA28B18189266004E6BF0 /* UIViewExtensions.h */ = {isa = PBXFileReference; fileEncoding = 4; lastKnownFileType = sourcecode.c.h; path = UIViewExtensions.h; sourceTree = "<group>"; };
		19FFA28C18189266004E6BF0 /* UIViewExtensions.m */ = {isa = PBXFileReference; fileEncoding = 4; lastKnownFileType = sourcecode.c.objc; path = UIViewExtensions.m; sourceTree = "<group>"; };
		19FFA28E181894C7004E6BF0 /* BaseLeftViewController.h */ = {isa = PBXFileReference; fileEncoding = 4; lastKnownFileType = sourcecode.c.h; path = BaseLeftViewController.h; sourceTree = "<group>"; };
		19FFA28F181894C7004E6BF0 /* BaseLeftViewController.m */ = {isa = PBXFileReference; fileEncoding = 4; lastKnownFileType = sourcecode.c.objc; path = BaseLeftViewController.m; sourceTree = "<group>"; };
		19FFA2911818979E004E6BF0 /* UIColorExtensions.h */ = {isa = PBXFileReference; fileEncoding = 4; lastKnownFileType = sourcecode.c.h; path = UIColorExtensions.h; sourceTree = "<group>"; };
		19FFA2921818979E004E6BF0 /* UIColorExtensions.m */ = {isa = PBXFileReference; fileEncoding = 4; lastKnownFileType = sourcecode.c.objc; path = UIColorExtensions.m; sourceTree = "<group>"; };
		19FFA2941818F29B004E6BF0 /* FCPDFView.h */ = {isa = PBXFileReference; fileEncoding = 4; lastKnownFileType = sourcecode.c.h; path = FCPDFView.h; sourceTree = "<group>"; };
		19FFA2951818F29B004E6BF0 /* FCPDFView.m */ = {isa = PBXFileReference; fileEncoding = 4; lastKnownFileType = sourcecode.c.objc; path = FCPDFView.m; sourceTree = "<group>"; };
		19FFA2991818FFCA004E6BF0 /* close_button.png */ = {isa = PBXFileReference; lastKnownFileType = image.png; path = close_button.png; sourceTree = "<group>"; };
/* End PBXFileReference section */

/* Begin PBXFrameworksBuildPhase section */
		129B130D143F41BC001239AA /* Frameworks */ = {
			isa = PBXFrameworksBuildPhase;
			buildActionMask = 2147483647;
			files = (
				120F8B26155197E000A7C43C /* MediaPlayer.framework in Frameworks */,
				128C391914473E5F00E8227C /* QuartzCore.framework in Frameworks */,
				129B1315143F41BC001239AA /* UIKit.framework in Frameworks */,
				129B1317143F41BC001239AA /* Foundation.framework in Frameworks */,
				129B1319143F41BC001239AA /* CoreGraphics.framework in Frameworks */,
			);
			runOnlyForDeploymentPostprocessing = 0;
		};
/* End PBXFrameworksBuildPhase section */

/* Begin PBXGroup section */
		129B1305143F41BB001239AA = {
			isa = PBXGroup;
			children = (
				19FFA20418188745004E6BF0 /* Classes */,
				19FFA21818188AA1004E6BF0 /* assets */,
				12A6C139144CC2E600A979B3 /* Default-Landscape~ipad.png */,
				19FFA20018130E85004E6BF0 /* Icon-72.png */,
				19FFA20118130E85004E6BF0 /* Icon-72@2x.png */,
				19FFA28618188BFF004E6BF0 /* AlexKiosk-Info.plist */,
				19FFA28718188BFF004E6BF0 /* AlexKiosk-Prefix.pch */,
				19FFA28818188BFF004E6BF0 /* main.m */,
				129B1313143F41BC001239AA /* Frameworks */,
				129B1311143F41BC001239AA /* Products */,
			);
			sourceTree = "<group>";
		};
		129B1311143F41BC001239AA /* Products */ = {
			isa = PBXGroup;
			children = (
				129B1310143F41BC001239AA /* AlexKiosk.app */,
			);
			name = Products;
			sourceTree = "<group>";
		};
		129B1313143F41BC001239AA /* Frameworks */ = {
			isa = PBXGroup;
			children = (
				120F8B25155197E000A7C43C /* MediaPlayer.framework */,
				128C391814473E5F00E8227C /* QuartzCore.framework */,
				129B1314143F41BC001239AA /* UIKit.framework */,
				129B1316143F41BC001239AA /* Foundation.framework */,
				129B1318143F41BC001239AA /* CoreGraphics.framework */,
			);
			name = Frameworks;
			sourceTree = "<group>";
		};
		19FFA20418188745004E6BF0 /* Classes */ = {
			isa = PBXGroup;
			children = (
				19FFA24D18188B3C004E6BF0 /* Extensions */,
				19FFA25018188B3C004E6BF0 /* General */,
				19FFA25118188B3C004E6BF0 /* misc */,
				19FFA25418188B3C004E6BF0 /* Views */,
				19FFA20E181889EF004E6BF0 /* en.lproj */,
				19FFA208181888D6004E6BF0 /* KSDAppDelegate.h */,
				19FFA209181888D6004E6BF0 /* KSDAppDelegate.m */,
				19FFA20A181888D6004E6BF0 /* KSDApplication.h */,
				19FFA20B181888D6004E6BF0 /* KSDApplication.m */,
			);
			name = Classes;
			sourceTree = "<group>";
		};
		19FFA20E181889EF004E6BF0 /* en.lproj */ = {
			isa = PBXGroup;
			children = (
				19FFA20F181889EF004E6BF0 /* DetailView.xib */,
				19FFA211181889EF004E6BF0 /* InfoPlist.strings */,
				19FFA213181889EF004E6BF0 /* MainWindow.xib */,
			);
			name = en.lproj;
			path = Classes/en.lproj;
			sourceTree = "<group>";
		};
		19FFA21818188AA1004E6BF0 /* assets */ = {
			isa = PBXGroup;
			children = (
				19FFA21C18188AA1004E6BF0 /* buttons */,
				19FFA22718188AA1004E6BF0 /* partview_labels */,
				19FFA23118188AA1004E6BF0 /* Settings.bundle */,
				19FFA23218188AA1004E6BF0 /* tab_images */,
				19FFA21A18188AA1004E6BF0 /* ATV.jpg */,
				19FFA21B18188AA1004E6BF0 /* Biker.jpg */,
				19FFA22418188AA1004E6BF0 /* Fish.jpg */,
				19FFA22518188AA1004E6BF0 /* Horse.jpg */,
				19FFA22618188AA1004E6BF0 /* part_detail_background.png */,
			);
			path = assets;
			sourceTree = "<group>";
		};
		19FFA21C18188AA1004E6BF0 /* buttons */ = {
			isa = PBXGroup;
			children = (
				19FFA2991818FFCA004E6BF0 /* close_button.png */,
				19FFA21D18188AA1004E6BF0 /* checkout_button.png */,
				19FFA21E18188AA1004E6BF0 /* checkout_button_down.png */,
				19FFA21F18188AA1004E6BF0 /* delete_button.png */,
				19FFA22018188AA1004E6BF0 /* delete_button_down.png */,
				19FFA22118188AA1004E6BF0 /* details_button.png */,
				19FFA22218188AA1004E6BF0 /* details_button_down.png */,
			);
			path = buttons;
			sourceTree = "<group>";
		};
		19FFA22718188AA1004E6BF0 /* partview_labels */ = {
			isa = PBXGroup;
			children = (
				19FFA22818188AA1004E6BF0 /* hitch_bg.png */,
				19FFA22E18188AA1004E6BF0 /* selected_hitch_bg.png */,
				19FFA22F18188AA1004E6BF0 /* selected_wiring_bg.png */,
				19FFA23018188AA1004E6BF0 /* wiring_bg.png */,
			);
			path = partview_labels;
			sourceTree = "<group>";
		};
		19FFA23218188AA1004E6BF0 /* tab_images */ = {
			isa = PBXGroup;
			children = (
				19FFA23318188AA1004E6BF0 /* accessories-30.png */,
				19FFA23418188AA1004E6BF0 /* hitches-30.png */,
			);
			path = tab_images;
			sourceTree = "<group>";
		};
		19FFA24D18188B3C004E6BF0 /* Extensions */ = {
			isa = PBXGroup;
			children = (
				19FFA24E18188B3C004E6BF0 /* NSString_Encode.h */,
				19FFA24F18188B3C004E6BF0 /* NSString_Encode.m */,
				19FFA28B18189266004E6BF0 /* UIViewExtensions.h */,
				19FFA28C18189266004E6BF0 /* UIViewExtensions.m */,
				19FFA2911818979E004E6BF0 /* UIColorExtensions.h */,
				19FFA2921818979E004E6BF0 /* UIColorExtensions.m */,
			);
			name = Extensions;
			path = Classes/Extensions;
			sourceTree = "<group>";
		};
		19FFA25018188B3C004E6BF0 /* General */ = {
			isa = PBXGroup;
			children = (
				19FFA25A18188B93004E6BF0 /* CartItem.h */,
				19FFA25B18188B93004E6BF0 /* CartItem.m */,
				19FFA25C18188B93004E6BF0 /* KioskOrder.h */,
				19FFA25D18188B93004E6BF0 /* KioskOrder.m */,
				19FFA25E18188B93004E6BF0 /* KioskOrderItem.h */,
				19FFA25F18188B93004E6BF0 /* KioskOrderItem.m */,
			);
			name = General;
			path = Classes/General;
			sourceTree = "<group>";
		};
		19FFA25118188B3C004E6BF0 /* misc */ = {
			isa = PBXGroup;
			children = (
				19FFA25218188B3C004E6BF0 /* JSONKit.h */,
				19FFA25318188B3C004E6BF0 /* JSONKit.m */,
				19FFA25718188B5D004E6BF0 /* AsyncImageView.h */,
				19FFA25818188B5D004E6BF0 /* AsyncImageView.m */,
				19FFA2941818F29B004E6BF0 /* FCPDFView.h */,
				19FFA2951818F29B004E6BF0 /* FCPDFView.m */,
			);
			name = misc;
			path = Classes/misc;
			sourceTree = "<group>";
		};
		19FFA25418188B3C004E6BF0 /* Views */ = {
			isa = PBXGroup;
			children = (
				19FFA28E181894C7004E6BF0 /* BaseLeftViewController.h */,
				19FFA28F181894C7004E6BF0 /* BaseLeftViewController.m */,
				19FFA27118188BC3004E6BF0 /* RootViewController.h */,
				19FFA27218188BC3004E6BF0 /* RootViewController.m */,
				19FFA27818188BC3004E6BF0 /* YearViewController.h */,
				19FFA27918188BC3004E6BF0 /* YearViewController.m */,
				19FFA26918188BC3004E6BF0 /* MakeViewController.h */,
				19FFA26A18188BC3004E6BF0 /* MakeViewController.m */,
				19FFA26B18188BC3004E6BF0 /* ModelViewController.h */,
				19FFA26C18188BC3004E6BF0 /* ModelViewController.m */,
				19FFA27318188BC3004E6BF0 /* StyleViewController.h */,
				19FFA27418188BC3004E6BF0 /* StyleViewController.m */,
				19FFA26F18188BC3004E6BF0 /* PartViewController.h */,
				19FFA27018188BC3004E6BF0 /* PartViewController.m */,
				19FFA26D18188BC3004E6BF0 /* PartDetailController.h */,
				19FFA26E18188BC3004E6BF0 /* PartDetailController.m */,
				19FFA26318188BC3004E6BF0 /* CartListController.h */,
				19FFA26418188BC3004E6BF0 /* CartListController.m */,
				19FFA26518188BC3004E6BF0 /* DetailViewController.h */,
				19FFA26618188BC3004E6BF0 /* DetailViewController.m */,
				19FFA27618188BC3004E6BF0 /* VideoViewController.h */,
				19FFA27718188BC3004E6BF0 /* VideoViewController.m */,
				19FFA27518188BC3004E6BF0 /* VideoView.xib */,
			);
			name = Views;
			path = Classes/Views;
			sourceTree = "<group>";
		};
/* End PBXGroup section */

/* Begin PBXNativeTarget section */
		129B130F143F41BC001239AA /* AlexKiosk */ = {
			isa = PBXNativeTarget;
			buildConfigurationList = 129B1334143F41BC001239AA /* Build configuration list for PBXNativeTarget "AlexKiosk" */;
			buildPhases = (
				129B130C143F41BC001239AA /* Sources */,
				129B130D143F41BC001239AA /* Frameworks */,
				129B130E143F41BC001239AA /* Resources */,
			);
			buildRules = (
			);
			dependencies = (
			);
			name = AlexKiosk;
			productName = AlexKiosk;
			productReference = 129B1310143F41BC001239AA /* AlexKiosk.app */;
			productType = "com.apple.product-type.application";
		};
/* End PBXNativeTarget section */

/* Begin PBXProject section */
		129B1307143F41BB001239AA /* Project object */ = {
			isa = PBXProject;
			attributes = {
				LastUpgradeCheck = 0420;
				ORGANIZATIONNAME = "CURT Manufacturing";
			};
			buildConfigurationList = 129B130A143F41BB001239AA /* Build configuration list for PBXProject "AlexKiosk" */;
			compatibilityVersion = "Xcode 3.2";
			developmentRegion = English;
			hasScannedForEncodings = 0;
			knownRegions = (
				en,
			);
			mainGroup = 129B1305143F41BB001239AA;
			productRefGroup = 129B1311143F41BC001239AA /* Products */;
			projectDirPath = "";
			projectRoot = "";
			targets = (
				129B130F143F41BC001239AA /* AlexKiosk */,
			);
		};
/* End PBXProject section */

/* Begin PBXResourcesBuildPhase section */
		129B130E143F41BC001239AA /* Resources */ = {
			isa = PBXResourcesBuildPhase;
			buildActionMask = 2147483647;
			files = (
				12A6C13A144CC2E600A979B3 /* Default-Landscape~ipad.png in Resources */,
				19FFA20218130E85004E6BF0 /* Icon-72.png in Resources */,
				19FFA20318130E85004E6BF0 /* Icon-72@2x.png in Resources */,
				19FFA215181889EF004E6BF0 /* DetailView.xib in Resources */,
				19FFA216181889EF004E6BF0 /* InfoPlist.strings in Resources */,
				19FFA217181889EF004E6BF0 /* MainWindow.xib in Resources */,
				19FFA23618188AA1004E6BF0 /* ATV.jpg in Resources */,
				19FFA23718188AA1004E6BF0 /* Biker.jpg in Resources */,
				19FFA23818188AA1004E6BF0 /* checkout_button.png in Resources */,
				19FFA23918188AA1004E6BF0 /* checkout_button_down.png in Resources */,
				19FFA23A18188AA1004E6BF0 /* delete_button.png in Resources */,
				19FFA23B18188AA1004E6BF0 /* delete_button_down.png in Resources */,
				19FFA23C18188AA1004E6BF0 /* details_button.png in Resources */,
				19FFA23D18188AA1004E6BF0 /* details_button_down.png in Resources */,
				19FFA23F18188AA1004E6BF0 /* Fish.jpg in Resources */,
				19FFA24018188AA1004E6BF0 /* Horse.jpg in Resources */,
				19FFA24118188AA1004E6BF0 /* part_detail_background.png in Resources */,
				19FFA24218188AA1004E6BF0 /* hitch_bg.png in Resources */,
				19FFA24718188AA1004E6BF0 /* selected_hitch_bg.png in Resources */,
				19FFA24818188AA1004E6BF0 /* selected_wiring_bg.png in Resources */,
				19FFA24918188AA1004E6BF0 /* wiring_bg.png in Resources */,
				19FFA24A18188AA1004E6BF0 /* Settings.bundle in Resources */,
				19FFA24B18188AA1004E6BF0 /* accessories-30.png in Resources */,
				19FFA24C18188AA1004E6BF0 /* hitches-30.png in Resources */,
				19FFA28318188BC3004E6BF0 /* VideoView.xib in Resources */,
				19FFA29A1818FFCB004E6BF0 /* close_button.png in Resources */,
			);
			runOnlyForDeploymentPostprocessing = 0;
		};
/* End PBXResourcesBuildPhase section */

/* Begin PBXSourcesBuildPhase section */
		129B130C143F41BC001239AA /* Sources */ = {
			isa = PBXSourcesBuildPhase;
			buildActionMask = 2147483647;
			files = (
				19FFA20C181888D6004E6BF0 /* KSDAppDelegate.m in Sources */,
				19FFA20D181888D6004E6BF0 /* KSDApplication.m in Sources */,
				19FFA25518188B3C004E6BF0 /* NSString_Encode.m in Sources */,
				19FFA25618188B3C004E6BF0 /* JSONKit.m in Sources */,
				19FFA25918188B5D004E6BF0 /* AsyncImageView.m in Sources */,
				19FFA26018188B93004E6BF0 /* CartItem.m in Sources */,
				19FFA26118188B93004E6BF0 /* KioskOrder.m in Sources */,
				19FFA26218188B93004E6BF0 /* KioskOrderItem.m in Sources */,
				19FFA27A18188BC3004E6BF0 /* CartListController.m in Sources */,
				19FFA27B18188BC3004E6BF0 /* DetailViewController.m in Sources */,
				19FFA27D18188BC3004E6BF0 /* MakeViewController.m in Sources */,
				19FFA27E18188BC3004E6BF0 /* ModelViewController.m in Sources */,
				19FFA27F18188BC3004E6BF0 /* PartDetailController.m in Sources */,
				19FFA28018188BC3004E6BF0 /* PartViewController.m in Sources */,
				19FFA28118188BC3004E6BF0 /* RootViewController.m in Sources */,
				19FFA28218188BC3004E6BF0 /* StyleViewController.m in Sources */,
				19FFA28418188BC3004E6BF0 /* VideoViewController.m in Sources */,
				19FFA28518188BC3004E6BF0 /* YearViewController.m in Sources */,
				19FFA28A18188BFF004E6BF0 /* main.m in Sources */,
				19FFA28D18189266004E6BF0 /* UIViewExtensions.m in Sources */,
				19FFA290181894C8004E6BF0 /* BaseLeftViewController.m in Sources */,
				19FFA2931818979E004E6BF0 /* UIColorExtensions.m in Sources */,
				19FFA2961818F29B004E6BF0 /* FCPDFView.m in Sources */,
			);
			runOnlyForDeploymentPostprocessing = 0;
		};
/* End PBXSourcesBuildPhase section */

/* Begin PBXVariantGroup section */
		19FFA20F181889EF004E6BF0 /* DetailView.xib */ = {
			isa = PBXVariantGroup;
			children = (
				19FFA210181889EF004E6BF0 /* en */,
			);
			name = DetailView.xib;
			sourceTree = "<group>";
		};
		19FFA211181889EF004E6BF0 /* InfoPlist.strings */ = {
			isa = PBXVariantGroup;
			children = (
				19FFA212181889EF004E6BF0 /* en */,
			);
			name = InfoPlist.strings;
			sourceTree = "<group>";
		};
		19FFA213181889EF004E6BF0 /* MainWindow.xib */ = {
			isa = PBXVariantGroup;
			children = (
				19FFA214181889EF004E6BF0 /* en */,
			);
			name = MainWindow.xib;
			sourceTree = "<group>";
		};
/* End PBXVariantGroup section */

/* Begin XCBuildConfiguration section */
		129B1332143F41BC001239AA /* Debug */ = {
			isa = XCBuildConfiguration;
			buildSettings = {
				ARCHS = "$(ARCHS_UNIVERSAL_IPHONE_OS)";
				CODE_SIGN_IDENTITY = "iPhone Developer";
				GCC_C_LANGUAGE_STANDARD = gnu99;
				GCC_OPTIMIZATION_LEVEL = 0;
				GCC_PREPROCESSOR_DEFINITIONS = DEBUG;
				GCC_SYMBOLS_PRIVATE_EXTERN = NO;
				GCC_VERSION = com.apple.compilers.llvmgcc42;
				GCC_WARN_ABOUT_RETURN_TYPE = YES;
				GCC_WARN_UNUSED_VARIABLE = YES;
				IPHONEOS_DEPLOYMENT_TARGET = 5.0;
				PRODUCT_NAME = "CURT POP Kiosk";
				PROVISIONING_PROFILE = "";
				SCAN_ALL_SOURCE_FILES_FOR_INCLUDES = NO;
				SDKROOT = iphoneos;
				TARGETED_DEVICE_FAMILY = 2;
			};
			name = Debug;
		};
		129B1333143F41BC001239AA /* Release */ = {
			isa = XCBuildConfiguration;
			buildSettings = {
				ARCHS = "$(ARCHS_UNIVERSAL_IPHONE_OS)";
				CODE_SIGN_IDENTITY = "iPhone Developer";
				GCC_C_LANGUAGE_STANDARD = gnu99;
				GCC_VERSION = com.apple.compilers.llvmgcc42;
				GCC_WARN_ABOUT_RETURN_TYPE = YES;
				GCC_WARN_UNUSED_VARIABLE = YES;
				IPHONEOS_DEPLOYMENT_TARGET = 5.0;
				OTHER_CFLAGS = "-DNS_BLOCK_ASSERTIONS=1";
				PRODUCT_NAME = "CURT POP Kiosk";
				PROVISIONING_PROFILE = "";
				SCAN_ALL_SOURCE_FILES_FOR_INCLUDES = NO;
				SDKROOT = iphoneos;
				TARGETED_DEVICE_FAMILY = 2;
			};
			name = Release;
		};
		129B1335143F41BC001239AA /* Debug */ = {
			isa = XCBuildConfiguration;
			buildSettings = {
				ALWAYS_SEARCH_USER_PATHS = NO;
				COPY_PHASE_STRIP = NO;
				FRAMEWORK_SEARCH_PATHS = "$(inherited)";
				GCC_DYNAMIC_NO_PIC = NO;
				GCC_PRECOMPILE_PREFIX_HEADER = YES;
				GCC_PREFIX_HEADER = "AlexKiosk-Prefix.pch";
				GCC_VERSION = com.apple.compilers.llvm.clang.1_0;
				INFOPLIST_FILE = "AlexKiosk-Info.plist";
				PRODUCT_NAME = "$(TARGET_NAME)";
				WRAPPER_EXTENSION = app;
			};
			name = Debug;
		};
		129B1336143F41BC001239AA /* Release */ = {
			isa = XCBuildConfiguration;
			buildSettings = {
				ALWAYS_SEARCH_USER_PATHS = NO;
				COPY_PHASE_STRIP = YES;
				FRAMEWORK_SEARCH_PATHS = "$(inherited)";
				GCC_PRECOMPILE_PREFIX_HEADER = YES;
				GCC_PREFIX_HEADER = "AlexKiosk-Prefix.pch";
				GCC_VERSION = com.apple.compilers.llvm.clang.1_0;
				INFOPLIST_FILE = "AlexKiosk-Info.plist";
				PRODUCT_NAME = "$(TARGET_NAME)";
				VALIDATE_PRODUCT = YES;
				WRAPPER_EXTENSION = app;
			};
			name = Release;
		};
		12F0E74514506B9400BD1523 /* Distribution */ = {
			isa = XCBuildConfiguration;
			buildSettings = {
				ARCHS = "$(ARCHS_UNIVERSAL_IPHONE_OS)";
				CODE_SIGN_IDENTITY = "iPhone Developer";
				GCC_C_LANGUAGE_STANDARD = gnu99;
				GCC_VERSION = com.apple.compilers.llvmgcc42;
				GCC_WARN_ABOUT_RETURN_TYPE = YES;
				GCC_WARN_UNUSED_VARIABLE = YES;
				IPHONEOS_DEPLOYMENT_TARGET = 5.0;
				OTHER_CFLAGS = "-DNS_BLOCK_ASSERTIONS=1";
				PRODUCT_NAME = "CURT POP Kiosk";
				PROVISIONING_PROFILE = "";
				SCAN_ALL_SOURCE_FILES_FOR_INCLUDES = NO;
				SDKROOT = iphoneos;
				TARGETED_DEVICE_FAMILY = 2;
			};
			name = Distribution;
		};
		12F0E74614506B9400BD1523 /* Distribution */ = {
			isa = XCBuildConfiguration;
			buildSettings = {
				ALWAYS_SEARCH_USER_PATHS = NO;
				COPY_PHASE_STRIP = YES;
				FRAMEWORK_SEARCH_PATHS = "$(inherited)";
				GCC_PRECOMPILE_PREFIX_HEADER = YES;
				GCC_PREFIX_HEADER = "AlexKiosk-Prefix.pch";
				GCC_VERSION = com.apple.compilers.llvm.clang.1_0;
				INFOPLIST_FILE = "AlexKiosk-Info.plist";
				PRODUCT_NAME = "$(TARGET_NAME)";
				WRAPPER_EXTENSION = app;
			};
			name = Distribution;
		};
/* End XCBuildConfiguration section */

/* Begin XCConfigurationList section */
		129B130A143F41BB001239AA /* Build configuration list for PBXProject "AlexKiosk" */ = {
			isa = XCConfigurationList;
			buildConfigurations = (
				129B1332143F41BC001239AA /* Debug */,
				129B1333143F41BC001239AA /* Release */,
				12F0E74514506B9400BD1523 /* Distribution */,
			);
			defaultConfigurationIsVisible = 0;
			defaultConfigurationName = Release;
		};
		129B1334143F41BC001239AA /* Build configuration list for PBXNativeTarget "AlexKiosk" */ = {
			isa = XCConfigurationList;
			buildConfigurations = (
				129B1335143F41BC001239AA /* Debug */,
				129B1336143F41BC001239AA /* Release */,
				12F0E74614506B9400BD1523 /* Distribution */,
			);
			defaultConfigurationIsVisible = 0;
			defaultConfigurationName = Release;
		};
/* End XCConfigurationList section */
	};
	rootObject = 129B1307143F41BB001239AA /* Project object */;
}
